
Microsoft Visual Studio Solution File, Format Version 12.00
# Visual Studio Version 16
VisualStudioVersion = 16.0.29728.190
MinimumVisualStudioVersion = 10.0.40219.1
Project("{FAE04EC0-301F-11D3-BF4B-00C04F79EFBC}") = "StockPortfolio", "StockPortfolio\StockPortfolio.csproj", "{F5117B30-4950-4CA0-85AC-018639A26171}"
EndProject
Project("{FAE04EC0-301F-11D3-BF4B-00C04F79EFBC}") = "StockPortfolioDB", "StockPortfolioDB\StockPortfolioDB.csproj", "{C8DBDD82-07C2-44AA-8EEA-46F7C4A03F61}"
EndProject
Global
	GlobalSection(SolutionConfigurationPlatforms) = preSolution
		Debug|Any CPU = Debug|Any CPU
		Release|Any CPU = Release|Any CPU
	EndGlobalSection
	GlobalSection(ProjectConfigurationPlatforms) = postSolution
		{F5117B30-4950-4CA0-85AC-018639A26171}.Debug|Any CPU.ActiveCfg = Debug|Any CPU
		{F5117B30-4950-4CA0-85AC-018639A26171}.Debug|Any CPU.Build.0 = Debug|Any CPU
		{F5117B30-4950-4CA0-85AC-018639A26171}.Release|Any CPU.ActiveCfg = Release|Any CPU
		{F5117B30-4950-4CA0-85AC-018639A26171}.Release|Any CPU.Build.0 = Release|Any CPU
		{C8DBDD82-07C2-44AA-8EEA-46F7C4A03F61}.Debug|Any CPU.ActiveCfg = Debug|Any CPU
		{C8DBDD82-07C2-44AA-8EEA-46F7C4A03F61}.Debug|Any CPU.Build.0 = Debug|Any CPU
		{C8DBDD82-07C2-44AA-8EEA-46F7C4A03F61}.Release|Any CPU.ActiveCfg = Release|Any CPU
		{C8DBDD82-07C2-44AA-8EEA-46F7C4A03F61}.Release|Any CPU.Build.0 = Release|Any CPU
	EndGlobalSection
	GlobalSection(SolutionProperties) = preSolution
		HideSolutionNode = FALSE
	EndGlobalSection
	GlobalSection(ExtensibilityGlobals) = postSolution
		SolutionGuid = {4087B34B-438D-4C3B-B183-08EC6713D324}
	EndGlobalSection
EndGlobal
